
Microsoft Visual Studio Solution File, Format Version 12.00
# Visual Studio Version 17
VisualStudioVersion = 17.0.31912.275
MinimumVisualStudioVersion = 10.0.40219.1
Project("{FAE04EC0-301F-11D3-BF4B-00C04F79EFBC}") = "Libraryv2", "Libraryv2\Libraryv2.csproj", "{1F348908-94AE-464C-83DE-F1F49DC1C011}"
EndProject
Global
	GlobalSection(SolutionConfigurationPlatforms) = preSolution
		Debug|Any CPU = Debug|Any CPU
		Release|Any CPU = Release|Any CPU
	EndGlobalSection
	GlobalSection(ProjectConfigurationPlatforms) = postSolution
		{1F348908-94AE-464C-83DE-F1F49DC1C011}.Debug|Any CPU.ActiveCfg = Debug|Any CPU
		{1F348908-94AE-464C-83DE-F1F49DC1C011}.Debug|Any CPU.Build.0 = Debug|Any CPU
		{1F348908-94AE-464C-83DE-F1F49DC1C011}.Release|Any CPU.ActiveCfg = Release|Any CPU
		{1F348908-94AE-464C-83DE-F1F49DC1C011}.Release|Any CPU.Build.0 = Release|Any CPU
	EndGlobalSection
	GlobalSection(SolutionProperties) = preSolution
		HideSolutionNode = FALSE
	EndGlobalSection
	GlobalSection(ExtensibilityGlobals) = postSolution
		SolutionGuid = {DB7C6BB3-16D6-44D1-AF21-4690BA3687FE}
	EndGlobalSection
EndGlobal
